
Microsoft Visual Studio Solution File, Format Version 12.00
# Visual Studio 15
VisualStudioVersion = 15.0.28307.329
MinimumVisualStudioVersion = 10.0.40219.1
Project("{FAE04EC0-301F-11D3-BF4B-00C04F79EFBC}") = "DotNetVersionsInstalled4Point5AndLater", "DotNetVersionsInstalled4Point5AndLater\DotNetVersionsInstalled4Point5AndLater.csproj", "{4E75D113-CACF-4616-A86B-249E394B3B1D}"
EndProject
Global
	GlobalSection(SolutionConfigurationPlatforms) = preSolution
		Debug|Any CPU = Debug|Any CPU
		Release|Any CPU = Release|Any CPU
	EndGlobalSection
	GlobalSection(ProjectConfigurationPlatforms) = postSolution
		{4E75D113-CACF-4616-A86B-249E394B3B1D}.Debug|Any CPU.ActiveCfg = Debug|Any CPU
		{4E75D113-CACF-4616-A86B-249E394B3B1D}.Debug|Any CPU.Build.0 = Debug|Any CPU
		{4E75D113-CACF-4616-A86B-249E394B3B1D}.Release|Any CPU.ActiveCfg = Release|Any CPU
		{4E75D113-CACF-4616-A86B-249E394B3B1D}.Release|Any CPU.Build.0 = Release|Any CPU
	EndGlobalSection
	GlobalSection(SolutionProperties) = preSolution
		HideSolutionNode = FALSE
	EndGlobalSection
	GlobalSection(ExtensibilityGlobals) = postSolution
		SolutionGuid = {B8E847EB-796A-4FE6-B7FA-33DCA1E29574}
	EndGlobalSection
EndGlobal
